
Microsoft Visual Studio Solution File, Format Version 12.00
# Visual Studio Version 16
VisualStudioVersion = 16.0.33130.400
MinimumVisualStudioVersion = 10.0.40219.1
Project("{9A19103F-16F7-4668-BE54-9A1E7A4F7556}") = "Test", "Test\Test.csproj", "{B9F0ACBC-C101-4B24-8439-27CFF81B16C4}"
EndProject
Project("{9A19103F-16F7-4668-BE54-9A1E7A4F7556}") = "TestUnit", "TestUnit\TestUnit.csproj", "{BCD0AD52-B00F-4A18-A1B7-833A2BBA66FA}"
	ProjectSection(ProjectDependencies) = postProject
		{B9F0ACBC-C101-4B24-8439-27CFF81B16C4} = {B9F0ACBC-C101-4B24-8439-27CFF81B16C4}
	EndProjectSection
EndProject
Global
	GlobalSection(SolutionConfigurationPlatforms) = preSolution
		Debug|Any CPU = Debug|Any CPU
		Release|Any CPU = Release|Any CPU
	EndGlobalSection
	GlobalSection(ProjectConfigurationPlatforms) = postSolution
		{B9F0ACBC-C101-4B24-8439-27CFF81B16C4}.Debug|Any CPU.ActiveCfg = Debug|Any CPU
		{B9F0ACBC-C101-4B24-8439-27CFF81B16C4}.Debug|Any CPU.Build.0 = Debug|Any CPU
		{B9F0ACBC-C101-4B24-8439-27CFF81B16C4}.Release|Any CPU.ActiveCfg = Release|Any CPU
		{B9F0ACBC-C101-4B24-8439-27CFF81B16C4}.Release|Any CPU.Build.0 = Release|Any CPU
		{BCD0AD52-B00F-4A18-A1B7-833A2BBA66FA}.Debug|Any CPU.ActiveCfg = Debug|Any CPU
		{BCD0AD52-B00F-4A18-A1B7-833A2BBA66FA}.Debug|Any CPU.Build.0 = Debug|Any CPU
		{BCD0AD52-B00F-4A18-A1B7-833A2BBA66FA}.Release|Any CPU.ActiveCfg = Release|Any CPU
		{BCD0AD52-B00F-4A18-A1B7-833A2BBA66FA}.Release|Any CPU.Build.0 = Release|Any CPU
	EndGlobalSection
	GlobalSection(SolutionProperties) = preSolution
		HideSolutionNode = FALSE
	EndGlobalSection
	GlobalSection(ExtensibilityGlobals) = postSolution
		SolutionGuid = {B21D0DED-8BE3-46C7-BFF4-A9FE49A7618A}
	EndGlobalSection
EndGlobal
